// !$*UTF8*$!
{
	archiveVersion = 1;
	classes = {
	};
	objectVersion = 55;
	objects = {

/* Begin PBXBuildFile section */
		5DC137A299D0EE8FBDD347F9 /* Pods_CryptoRates.framework in Frameworks */ = {isa = PBXBuildFile; fileRef = C088B84ADC338EA16371F432 /* Pods_CryptoRates.framework */; };
		CB99DC1D2975936300852F61 /* AppDelegate.swift in Sources */ = {isa = PBXBuildFile; fileRef = CB99DC1C2975936300852F61 /* AppDelegate.swift */; };
		CB99DC1F2975936300852F61 /* SceneDelegate.swift in Sources */ = {isa = PBXBuildFile; fileRef = CB99DC1E2975936300852F61 /* SceneDelegate.swift */; };
		CB99DC242975936300852F61 /* Main.storyboard in Resources */ = {isa = PBXBuildFile; fileRef = CB99DC222975936300852F61 /* Main.storyboard */; };
		CB99DC262975936300852F61 /* Assets.xcassets in Resources */ = {isa = PBXBuildFile; fileRef = CB99DC252975936300852F61 /* Assets.xcassets */; };
		CB99DC292975936300852F61 /* LaunchScreen.storyboard in Resources */ = {isa = PBXBuildFile; fileRef = CB99DC272975936300852F61 /* LaunchScreen.storyboard */; };
		CB99DC3229759CE100852F61 /* ResultViewController.swift in Sources */ = {isa = PBXBuildFile; fileRef = CB99DC3129759CE100852F61 /* ResultViewController.swift */; };
		CB99DC402976EB8600852F61 /* CryptoRatesModel.swift in Sources */ = {isa = PBXBuildFile; fileRef = CB99DC3F2976EB8600852F61 /* CryptoRatesModel.swift */; };
		CB99DC422976F18700852F61 /* ViewController.swift in Sources */ = {isa = PBXBuildFile; fileRef = CB99DC412976F18700852F61 /* ViewController.swift */; };
		CB99DC442976F7BB00852F61 /* CryptoData.swift in Sources */ = {isa = PBXBuildFile; fileRef = CB99DC432976F7BB00852F61 /* CryptoData.swift */; };
/* End PBXBuildFile section */

/* Begin PBXFileReference section */
		81CBED3F14568EE28CACA523 /* Pods-CryptoRates.debug.xcconfig */ = {isa = PBXFileReference; includeInIndex = 1; lastKnownFileType = text.xcconfig; name = "Pods-CryptoRates.debug.xcconfig"; path = "Target Support Files/Pods-CryptoRates/Pods-CryptoRates.debug.xcconfig"; sourceTree = "<group>"; };
		B520BD5EC3A8F614A44326FA /* Pods-CryptoRates.release.xcconfig */ = {isa = PBXFileReference; includeInIndex = 1; lastKnownFileType = text.xcconfig; name = "Pods-CryptoRates.release.xcconfig"; path = "Target Support Files/Pods-CryptoRates/Pods-CryptoRates.release.xcconfig"; sourceTree = "<group>"; };
		C088B84ADC338EA16371F432 /* Pods_CryptoRates.framework */ = {isa = PBXFileReference; explicitFileType = wrapper.framework; includeInIndex = 0; path = Pods_CryptoRates.framework; sourceTree = BUILT_PRODUCTS_DIR; };
		CB99DC192975936300852F61 /* CryptoRates.app */ = {isa = PBXFileReference; explicitFileType = wrapper.application; includeInIndex = 0; path = CryptoRates.app; sourceTree = BUILT_PRODUCTS_DIR; };
		CB99DC1C2975936300852F61 /* AppDelegate.swift */ = {isa = PBXFileReference; lastKnownFileType = sourcecode.swift; path = AppDelegate.swift; sourceTree = "<group>"; };
		CB99DC1E2975936300852F61 /* SceneDelegate.swift */ = {isa = PBXFileReference; lastKnownFileType = sourcecode.swift; path = SceneDelegate.swift; sourceTree = "<group>"; };
		CB99DC232975936300852F61 /* Base */ = {isa = PBXFileReference; lastKnownFileType = file.storyboard; name = Base; path = Base.lproj/Main.storyboard; sourceTree = "<group>"; };
		CB99DC252975936300852F61 /* Assets.xcassets */ = {isa = PBXFileReference; lastKnownFileType = folder.assetcatalog; path = Assets.xcassets; sourceTree = "<group>"; };
		CB99DC282975936300852F61 /* Base */ = {isa = PBXFileReference; lastKnownFileType = file.storyboard; name = Base; path = Base.lproj/LaunchScreen.storyboard; sourceTree = "<group>"; };
		CB99DC2A2975936400852F61 /* Info.plist */ = {isa = PBXFileReference; lastKnownFileType = text.plist.xml; path = Info.plist; sourceTree = "<group>"; };
		CB99DC3129759CE100852F61 /* ResultViewController.swift */ = {isa = PBXFileReference; lastKnownFileType = sourcecode.swift; path = ResultViewController.swift; sourceTree = "<group>"; };
		CB99DC3F2976EB8600852F61 /* CryptoRatesModel.swift */ = {isa = PBXFileReference; lastKnownFileType = sourcecode.swift; path = CryptoRatesModel.swift; sourceTree = "<group>"; };
		CB99DC412976F18700852F61 /* ViewController.swift */ = {isa = PBXFileReference; fileEncoding = 4; lastKnownFileType = sourcecode.swift; path = ViewController.swift; sourceTree = "<group>"; };
		CB99DC432976F7BB00852F61 /* CryptoData.swift */ = {isa = PBXFileReference; lastKnownFileType = sourcecode.swift; path = CryptoData.swift; sourceTree = "<group>"; };
/* End PBXFileReference section */

/* Begin PBXFrameworksBuildPhase section */
		CB99DC162975936300852F61 /* Frameworks */ = {
			isa = PBXFrameworksBuildPhase;
			buildActionMask = 2147483647;
			files = (
				5DC137A299D0EE8FBDD347F9 /* Pods_CryptoRates.framework in Frameworks */,
			);
			runOnlyForDeploymentPostprocessing = 0;
		};
/* End PBXFrameworksBuildPhase section */

/* Begin PBXGroup section */
		01C78EDDEECD319A591D9B36 /* Pods */ = {
			isa = PBXGroup;
			children = (
				81CBED3F14568EE28CACA523 /* Pods-CryptoRates.debug.xcconfig */,
				B520BD5EC3A8F614A44326FA /* Pods-CryptoRates.release.xcconfig */,
			);
			path = Pods;
			sourceTree = "<group>";
		};
		BFC7DCE0448DC910417D4E5E /* Frameworks */ = {
			isa = PBXGroup;
			children = (
				C088B84ADC338EA16371F432 /* Pods_CryptoRates.framework */,
			);
			name = Frameworks;
			sourceTree = "<group>";
		};
		CB99DC102975936300852F61 = {
			isa = PBXGroup;
			children = (
				CB99DC1B2975936300852F61 /* CryptoRates */,
				CB99DC1A2975936300852F61 /* Products */,
				01C78EDDEECD319A591D9B36 /* Pods */,
				BFC7DCE0448DC910417D4E5E /* Frameworks */,
			);
			sourceTree = "<group>";
		};
		CB99DC1A2975936300852F61 /* Products */ = {
			isa = PBXGroup;
			children = (
				CB99DC192975936300852F61 /* CryptoRates.app */,
			);
			name = Products;
			sourceTree = "<group>";
		};
		CB99DC1B2975936300852F61 /* CryptoRates */ = {
			isa = PBXGroup;
			children = (
				CB99DC1C2975936300852F61 /* AppDelegate.swift */,
				CB99DC1E2975936300852F61 /* SceneDelegate.swift */,
				CB99DC3D2976EB1800852F61 /* Model */,
				CB99DC3029759CA800852F61 /* Views */,
				CB99DC3E2976EB2400852F61 /* Controller */,
				CB99DC2A2975936400852F61 /* Info.plist */,
			);
			path = CryptoRates;
			sourceTree = "<group>";
		};
		CB99DC3029759CA800852F61 /* Views */ = {
			isa = PBXGroup;
			children = (
				CB99DC252975936300852F61 /* Assets.xcassets */,
				CB99DC222975936300852F61 /* Main.storyboard */,
				CB99DC272975936300852F61 /* LaunchScreen.storyboard */,
			);
			path = Views;
			sourceTree = "<group>";
		};
		CB99DC3D2976EB1800852F61 /* Model */ = {
			isa = PBXGroup;
			children = (
				CB99DC3F2976EB8600852F61 /* CryptoRatesModel.swift */,
				CB99DC432976F7BB00852F61 /* CryptoData.swift */,
			);
			path = Model;
			sourceTree = "<group>";
		};
		CB99DC3E2976EB2400852F61 /* Controller */ = {
			isa = PBXGroup;
			children = (
				CB99DC412976F18700852F61 /* ViewController.swift */,
				CB99DC3129759CE100852F61 /* ResultViewController.swift */,
			);
			path = Controller;
			sourceTree = "<group>";
		};
/* End PBXGroup section */

/* Begin PBXNativeTarget section */
		CB99DC182975936300852F61 /* CryptoRates */ = {
			isa = PBXNativeTarget;
			buildConfigurationList = CB99DC2D2975936400852F61 /* Build configuration list for PBXNativeTarget "CryptoRates" */;
			buildPhases = (
				ACFB0AE7CBD884D87ED01549 /* [CP] Check Pods Manifest.lock */,
				CB99DC152975936300852F61 /* Sources */,
				CB99DC162975936300852F61 /* Frameworks */,
				CB99DC172975936300852F61 /* Resources */,
				0BF7BF4938B7057734880BC6 /* [CP] Embed Pods Frameworks */,
			);
			buildRules = (
			);
			dependencies = (
			);
			name = CryptoRates;
			productName = CryptoRates;
			productReference = CB99DC192975936300852F61 /* CryptoRates.app */;
			productType = "com.apple.product-type.application";
		};
/* End PBXNativeTarget section */

/* Begin PBXProject section */
		CB99DC112975936300852F61 /* Project object */ = {
			isa = PBXProject;
			attributes = {
				BuildIndependentTargetsInParallel = 1;
				LastSwiftUpdateCheck = 1410;
				LastUpgradeCheck = 1410;
				TargetAttributes = {
					CB99DC182975936300852F61 = {
						CreatedOnToolsVersion = 14.1;
					};
				};
			};
			buildConfigurationList = CB99DC142975936300852F61 /* Build configuration list for PBXProject "CryptoRates" */;
			compatibilityVersion = "Xcode 13.0";
			developmentRegion = en;
			hasScannedForEncodings = 0;
			knownRegions = (
				en,
				Base,
			);
			mainGroup = CB99DC102975936300852F61;
			productRefGroup = CB99DC1A2975936300852F61 /* Products */;
			projectDirPath = "";
			projectRoot = "";
			targets = (
				CB99DC182975936300852F61 /* CryptoRates */,
			);
		};
/* End PBXProject section */

/* Begin PBXResourcesBuildPhase section */
		CB99DC172975936300852F61 /* Resources */ = {
			isa = PBXResourcesBuildPhase;
			buildActionMask = 2147483647;
			files = (
				CB99DC292975936300852F61 /* LaunchScreen.storyboard in Resources */,
				CB99DC262975936300852F61 /* Assets.xcassets in Resources */,
				CB99DC242975936300852F61 /* Main.storyboard in Resources */,
			);
			runOnlyForDeploymentPostprocessing = 0;
		};
/* End PBXResourcesBuildPhase section */

/* Begin PBXShellScriptBuildPhase section */
		0BF7BF4938B7057734880BC6 /* [CP] Embed Pods Frameworks */ = {
			isa = PBXShellScriptBuildPhase;
			buildActionMask = 2147483647;
			files = (
			);
			inputFileListPaths = (
				"${PODS_ROOT}/Target Support Files/Pods-CryptoRates/Pods-CryptoRates-frameworks-${CONFIGURATION}-input-files.xcfilelist",
			);
			name = "[CP] Embed Pods Frameworks";
			outputFileListPaths = (
				"${PODS_ROOT}/Target Support Files/Pods-CryptoRates/Pods-CryptoRates-frameworks-${CONFIGURATION}-output-files.xcfilelist",
			);
			runOnlyForDeploymentPostprocessing = 0;
			shellPath = /bin/sh;
			shellScript = "\"${PODS_ROOT}/Target Support Files/Pods-CryptoRates/Pods-CryptoRates-frameworks.sh\"\n";
			showEnvVarsInLog = 0;
		};
		ACFB0AE7CBD884D87ED01549 /* [CP] Check Pods Manifest.lock */ = {
			isa = PBXShellScriptBuildPhase;
			buildActionMask = 2147483647;
			files = (
			);
			inputFileListPaths = (
			);
			inputPaths = (
				"${PODS_PODFILE_DIR_PATH}/Podfile.lock",
				"${PODS_ROOT}/Manifest.lock",
			);
			name = "[CP] Check Pods Manifest.lock";
			outputFileListPaths = (
			);
			outputPaths = (
				"$(DERIVED_FILE_DIR)/Pods-CryptoRates-checkManifestLockResult.txt",
			);
			runOnlyForDeploymentPostprocessing = 0;
			shellPath = /bin/sh;
			shellScript = "diff \"${PODS_PODFILE_DIR_PATH}/Podfile.lock\" \"${PODS_ROOT}/Manifest.lock\" > /dev/null\nif [ $? != 0 ] ; then\n    # print error to STDERR\n    echo \"error: The sandbox is not in sync with the Podfile.lock. Run 'pod install' or update your CocoaPods installation.\" >&2\n    exit 1\nfi\n# This output is used by Xcode 'outputs' to avoid re-running this script phase.\necho \"SUCCESS\" > \"${SCRIPT_OUTPUT_FILE_0}\"\n";
			showEnvVarsInLog = 0;
		};
/* End PBXShellScriptBuildPhase section */

/* Begin PBXSourcesBuildPhase section */
		CB99DC152975936300852F61 /* Sources */ = {
			isa = PBXSourcesBuildPhase;
			buildActionMask = 2147483647;
			files = (
				CB99DC422976F18700852F61 /* ViewController.swift in Sources */,
				CB99DC1D2975936300852F61 /* AppDelegate.swift in Sources */,
				CB99DC442976F7BB00852F61 /* CryptoData.swift in Sources */,
				CB99DC402976EB8600852F61 /* CryptoRatesModel.swift in Sources */,
				CB99DC1F2975936300852F61 /* SceneDelegate.swift in Sources */,
				CB99DC3229759CE100852F61 /* ResultViewController.swift in Sources */,
			);
			runOnlyForDeploymentPostprocessing = 0;
		};
/* End PBXSourcesBuildPhase section */

/* Begin PBXVariantGroup section */
		CB99DC222975936300852F61 /* Main.storyboard */ = {
			isa = PBXVariantGroup;
			children = (
				CB99DC232975936300852F61 /* Base */,
			);
			name = Main.storyboard;
			sourceTree = "<group>";
		};
		CB99DC272975936300852F61 /* LaunchScreen.storyboard */ = {
			isa = PBXVariantGroup;
			children = (
				CB99DC282975936300852F61 /* Base */,
			);
			name = LaunchScreen.storyboard;
			sourceTree = "<group>";
		};
/* End PBXVariantGroup section */

/* Begin XCBuildConfiguration section */
		CB99DC2B2975936400852F61 /* Debug */ = {
			isa = XCBuildConfiguration;
			buildSettings = {
				ALWAYS_SEARCH_USER_PATHS = NO;
				CLANG_ANALYZER_NONNULL = YES;
				CLANG_ANALYZER_NUMBER_OBJECT_CONVERSION = YES_AGGRESSIVE;
				CLANG_CXX_LANGUAGE_STANDARD = "gnu++20";
				CLANG_ENABLE_MODULES = YES;
				CLANG_ENABLE_OBJC_ARC = YES;
				CLANG_ENABLE_OBJC_WEAK = YES;
				CLANG_WARN_BLOCK_CAPTURE_AUTORELEASING = YES;
				CLANG_WARN_BOOL_CONVERSION = YES;
				CLANG_WARN_COMMA = YES;
				CLANG_WARN_CONSTANT_CONVERSION = YES;
				CLANG_WARN_DEPRECATED_OBJC_IMPLEMENTATIONS = YES;
				CLANG_WARN_DIRECT_OBJC_ISA_USAGE = YES_ERROR;
				CLANG_WARN_DOCUMENTATION_COMMENTS = YES;
				CLANG_WARN_EMPTY_BODY = YES;
				CLANG_WARN_ENUM_CONVERSION = YES;
				CLANG_WARN_INFINITE_RECURSION = YES;
				CLANG_WARN_INT_CONVERSION = YES;
				CLANG_WARN_NON_LITERAL_NULL_CONVERSION = YES;
				CLANG_WARN_OBJC_IMPLICIT_RETAIN_SELF = YES;
				CLANG_WARN_OBJC_LITERAL_CONVERSION = YES;
				CLANG_WARN_OBJC_ROOT_CLASS = YES_ERROR;
				CLANG_WARN_QUOTED_INCLUDE_IN_FRAMEWORK_HEADER = YES;
				CLANG_WARN_RANGE_LOOP_ANALYSIS = YES;
				CLANG_WARN_STRICT_PROTOTYPES = YES;
				CLANG_WARN_SUSPICIOUS_MOVE = YES;
				CLANG_WARN_UNGUARDED_AVAILABILITY = YES_AGGRESSIVE;
				CLANG_WARN_UNREACHABLE_CODE = YES;
				CLANG_WARN__DUPLICATE_METHOD_MATCH = YES;
				COPY_PHASE_STRIP = NO;
				DEBUG_INFORMATION_FORMAT = dwarf;
				ENABLE_STRICT_OBJC_MSGSEND = YES;
				ENABLE_TESTABILITY = YES;
				GCC_C_LANGUAGE_STANDARD = gnu11;
				GCC_DYNAMIC_NO_PIC = NO;
				GCC_NO_COMMON_BLOCKS = YES;
				GCC_OPTIMIZATION_LEVEL = 0;
				GCC_PREPROCESSOR_DEFINITIONS = (
					"DEBUG=1",
					"$(inherited)",
				);
				GCC_WARN_64_TO_32_BIT_CONVERSION = YES;
				GCC_WARN_ABOUT_RETURN_TYPE = YES_ERROR;
				GCC_WARN_UNDECLARED_SELECTOR = YES;
				GCC_WARN_UNINITIALIZED_AUTOS = YES_AGGRESSIVE;
				GCC_WARN_UNUSED_FUNCTION = YES;
				GCC_WARN_UNUSED_VARIABLE = YES;
				IPHONEOS_DEPLOYMENT_TARGET = 16.1;
				MTL_ENABLE_DEBUG_INFO = INCLUDE_SOURCE;
				MTL_FAST_MATH = YES;
				ONLY_ACTIVE_ARCH = YES;
				SDKROOT = iphoneos;
				SWIFT_ACTIVE_COMPILATION_CONDITIONS = DEBUG;
				SWIFT_OPTIMIZATION_LEVEL = "-Onone";
			};
			name = Debug;
		};
		CB99DC2C2975936400852F61 /* Release */ = {
			isa = XCBuildConfiguration;
			buildSettings = {
				ALWAYS_SEARCH_USER_PATHS = NO;
				CLANG_ANALYZER_NONNULL = YES;
				CLANG_ANALYZER_NUMBER_OBJECT_CONVERSION = YES_AGGRESSIVE;
				CLANG_CXX_LANGUAGE_STANDARD = "gnu++20";
				CLANG_ENABLE_MODULES = YES;
				CLANG_ENABLE_OBJC_ARC = YES;
				CLANG_ENABLE_OBJC_WEAK = YES;
				CLANG_WARN_BLOCK_CAPTURE_AUTORELEASING = YES;
				CLANG_WARN_BOOL_CONVERSION = YES;
				CLANG_WARN_COMMA = YES;
				CLANG_WARN_CONSTANT_CONVERSION = YES;
				CLANG_WARN_DEPRECATED_OBJC_IMPLEMENTATIONS = YES;
				CLANG_WARN_DIRECT_OBJC_ISA_USAGE = YES_ERROR;
				CLANG_WARN_DOCUMENTATION_COMMENTS = YES;
				CLANG_WARN_EMPTY_BODY = YES;
				CLANG_WARN_ENUM_CONVERSION = YES;
				CLANG_WARN_INFINITE_RECURSION = YES;
				CLANG_WARN_INT_CONVERSION = YES;
				CLANG_WARN_NON_LITERAL_NULL_CONVERSION = YES;
				CLANG_WARN_OBJC_IMPLICIT_RETAIN_SELF = YES;
				CLANG_WARN_OBJC_LITERAL_CONVERSION = YES;
				CLANG_WARN_OBJC_ROOT_CLASS = YES_ERROR;
				CLANG_WARN_QUOTED_INCLUDE_IN_FRAMEWORK_HEADER = YES;
				CLANG_WARN_RANGE_LOOP_ANALYSIS = YES;
				CLANG_WARN_STRICT_PROTOTYPES = YES;
				CLANG_WARN_SUSPICIOUS_MOVE = YES;
				CLANG_WARN_UNGUARDED_AVAILABILITY = YES_AGGRESSIVE;
				CLANG_WARN_UNREACHABLE_CODE = YES;
				CLANG_WARN__DUPLICATE_METHOD_MATCH = YES;
				COPY_PHASE_STRIP = NO;
				DEBUG_INFORMATION_FORMAT = "dwarf-with-dsym";
				ENABLE_NS_ASSERTIONS = NO;
				ENABLE_STRICT_OBJC_MSGSEND = YES;
				GCC_C_LANGUAGE_STANDARD = gnu11;
				GCC_NO_COMMON_BLOCKS = YES;
				GCC_WARN_64_TO_32_BIT_CONVERSION = YES;
				GCC_WARN_ABOUT_RETURN_TYPE = YES_ERROR;
				GCC_WARN_UNDECLARED_SELECTOR = YES;
				GCC_WARN_UNINITIALIZED_AUTOS = YES_AGGRESSIVE;
				GCC_WARN_UNUSED_FUNCTION = YES;
				GCC_WARN_UNUSED_VARIABLE = YES;
				IPHONEOS_DEPLOYMENT_TARGET = 16.1;
				MTL_ENABLE_DEBUG_INFO = NO;
				MTL_FAST_MATH = YES;
				SDKROOT = iphoneos;
				SWIFT_COMPILATION_MODE = wholemodule;
				SWIFT_OPTIMIZATION_LEVEL = "-O";
				VALIDATE_PRODUCT = YES;
			};
			name = Release;
		};
		CB99DC2E2975936400852F61 /* Debug */ = {
			isa = XCBuildConfiguration;
			baseConfigurationReference = 81CBED3F14568EE28CACA523 /* Pods-CryptoRates.debug.xcconfig */;
			buildSettings = {
				ASSETCATALOG_COMPILER_APPICON_NAME = AppIcon;
				ASSETCATALOG_COMPILER_GLOBAL_ACCENT_COLOR_NAME = AccentColor;
				CODE_SIGN_STYLE = Automatic;
				CURRENT_PROJECT_VERSION = 1;
				DEVELOPMENT_TEAM = V76KMBCZ33;
				GENERATE_INFOPLIST_FILE = YES;
				INFOPLIST_FILE = CryptoRates/Info.plist;
				INFOPLIST_KEY_UIApplicationSupportsIndirectInputEvents = YES;
				INFOPLIST_KEY_UILaunchStoryboardName = LaunchScreen;
				INFOPLIST_KEY_UIMainStoryboardFile = Main;
				INFOPLIST_KEY_UISupportedInterfaceOrientations_iPad = "UIInterfaceOrientationPortrait UIInterfaceOrientationPortraitUpsideDown UIInterfaceOrientationLandscapeLeft UIInterfaceOrientationLandscapeRight";
				INFOPLIST_KEY_UISupportedInterfaceOrientations_iPhone = "UIInterfaceOrientationPortrait UIInterfaceOrientationLandscapeLeft UIInterfaceOrientationLandscapeRight";
				IPHONEOS_DEPLOYMENT_TARGET = 13.0;
				LD_RUNPATH_SEARCH_PATHS = (
					"$(inherited)",
					"@executable_path/Frameworks",
				);
				MARKETING_VERSION = 1.0;
				PRODUCT_BUNDLE_IDENTIFIER = com.kyryloKolosov.CryptoRates;
				PRODUCT_NAME = "$(TARGET_NAME)";
				SWIFT_EMIT_LOC_STRINGS = YES;
				SWIFT_VERSION = 5.0;
				TARGETED_DEVICE_FAMILY = "1,2";
			};
			name = Debug;
		};
		CB99DC2F2975936400852F61 /* Release */ = {
			isa = XCBuildConfiguration;
			baseConfigurationReference = B520BD5EC3A8F614A44326FA /* Pods-CryptoRates.release.xcconfig */;
			buildSettings = {
				ASSETCATALOG_COMPILER_APPICON_NAME = AppIcon;
				ASSETCATALOG_COMPILER_GLOBAL_ACCENT_COLOR_NAME = AccentColor;
				CODE_SIGN_STYLE = Automatic;
				CURRENT_PROJECT_VERSION = 1;
				DEVELOPMENT_TEAM = V76KMBCZ33;
				GENERATE_INFOPLIST_FILE = YES;
				INFOPLIST_FILE = CryptoRates/Info.plist;
				INFOPLIST_KEY_UIApplicationSupportsIndirectInputEvents = YES;
				INFOPLIST_KEY_UILaunchStoryboardName = LaunchScreen;
				INFOPLIST_KEY_UIMainStoryboardFile = Main;
				INFOPLIST_KEY_UISupportedInterfaceOrientations_iPad = "UIInterfaceOrientationPortrait UIInterfaceOrientationPortraitUpsideDown UIInterfaceOrientationLandscapeLeft UIInterfaceOrientationLandscapeRight";
				INFOPLIST_KEY_UISupportedInterfaceOrientations_iPhone = "UIInterfaceOrientationPortrait UIInterfaceOrientationLandscapeLeft UIInterfaceOrientationLandscapeRight";
				IPHONEOS_DEPLOYMENT_TARGET = 13.0;
				LD_RUNPATH_SEARCH_PATHS = (
					"$(inherited)",
					"@executable_path/Frameworks",
				);
				MARKETING_VERSION = 1.0;
				PRODUCT_BUNDLE_IDENTIFIER = com.kyryloKolosov.CryptoRates;
				PRODUCT_NAME = "$(TARGET_NAME)";
				SWIFT_EMIT_LOC_STRINGS = YES;
				SWIFT_VERSION = 5.0;
				TARGETED_DEVICE_FAMILY = "1,2";
			};
			name = Release;
		};
/* End XCBuildConfiguration section */

/* Begin XCConfigurationList section */
		CB99DC142975936300852F61 /* Build configuration list for PBXProject "CryptoRates" */ = {
			isa = XCConfigurationList;
			buildConfigurations = (
				CB99DC2B2975936400852F61 /* Debug */,
				CB99DC2C2975936400852F61 /* Release */,
			);
			defaultConfigurationIsVisible = 0;
			defaultConfigurationName = Release;
		};
		CB99DC2D2975936400852F61 /* Build configuration list for PBXNativeTarget "CryptoRates" */ = {
			isa = XCConfigurationList;
			buildConfigurations = (
				CB99DC2E2975936400852F61 /* Debug */,
				CB99DC2F2975936400852F61 /* Release */,
			);
			defaultConfigurationIsVisible = 0;
			defaultConfigurationName = Release;
		};
/* End XCConfigurationList section */
	};
	rootObject = CB99DC112975936300852F61 /* Project object */;
}
